// !$*UTF8*$!
{
	archiveVersion = 1;
	classes = {
	};
	objectVersion = 51;
	objects = {

/* Begin PBXBuildFile section */
		048D42011A104CAFEE9589B2 /* Pods_InstagramFirebase.framework in Frameworks */ = {isa = PBXBuildFile; fileRef = D61FB3E28F8BFE9AD429CE34 /* Pods_InstagramFirebase.framework */; };
		073AFDC2251D28670095EEFE /* MainTabBarController.swift in Sources */ = {isa = PBXBuildFile; fileRef = 073AFDC1251D28670095EEFE /* MainTabBarController.swift */; };
		07587C92250EA95C003EF279 /* Extensions.swift in Sources */ = {isa = PBXBuildFile; fileRef = 07587C91250EA95C003EF279 /* Extensions.swift */; };
		079C1F02250FC4D0003DFAAC /* GoogleService-Info.plist in Resources */ = {isa = PBXBuildFile; fileRef = 079C1F01250FC4D0003DFAAC /* GoogleService-Info.plist */; };
		07C4FE39250C1361007088CC /* AppDelegate.swift in Sources */ = {isa = PBXBuildFile; fileRef = 07C4FE38250C1361007088CC /* AppDelegate.swift */; };
		07C4FE3B250C1361007088CC /* SceneDelegate.swift in Sources */ = {isa = PBXBuildFile; fileRef = 07C4FE3A250C1361007088CC /* SceneDelegate.swift */; };
		07C4FE3D250C1361007088CC /* SighUpController.swift in Sources */ = {isa = PBXBuildFile; fileRef = 07C4FE3C250C1361007088CC /* SighUpController.swift */; };
		07C4FE40250C1361007088CC /* Main.storyboard in Resources */ = {isa = PBXBuildFile; fileRef = 07C4FE3E250C1361007088CC /* Main.storyboard */; };
		07C4FE42250C1362007088CC /* Assets.xcassets in Resources */ = {isa = PBXBuildFile; fileRef = 07C4FE41250C1362007088CC /* Assets.xcassets */; };
		07C4FE45250C1362007088CC /* LaunchScreen.storyboard in Resources */ = {isa = PBXBuildFile; fileRef = 07C4FE43250C1362007088CC /* LaunchScreen.storyboard */; };
		07C5A20A2562DF71009E7D75 /* LoginController.swift in Sources */ = {isa = PBXBuildFile; fileRef = 07C5A2092562DF71009E7D75 /* LoginController.swift */; };
		07D8C0D52529D6C000CBDB9E /* UserProfileController.swift in Sources */ = {isa = PBXBuildFile; fileRef = 07D8C0D42529D6C000CBDB9E /* UserProfileController.swift */; };
		07D8C0DA252A0E6F00CBDB9E /* UserProfileHeader.swift in Sources */ = {isa = PBXBuildFile; fileRef = 07D8C0D9252A0E6F00CBDB9E /* UserProfileHeader.swift */; };
		07F301472568682300EADCAE /* PhotoSelectorController.swift in Sources */ = {isa = PBXBuildFile; fileRef = 07F301462568682300EADCAE /* PhotoSelectorController.swift */; };
		07F3014B2568821000EADCAE /* PhotoSelectorCell.swift in Sources */ = {isa = PBXBuildFile; fileRef = 07F3014A2568821000EADCAE /* PhotoSelectorCell.swift */; };
		07F3014E25690BF700EADCAE /* PhotoSelectorHeader.swift in Sources */ = {isa = PBXBuildFile; fileRef = 07F3014D25690BF700EADCAE /* PhotoSelectorHeader.swift */; };
		07F3015125695A2000EADCAE /* SharePhotoController.swift in Sources */ = {isa = PBXBuildFile; fileRef = 07F3015025695A2000EADCAE /* SharePhotoController.swift */; };
		07F3015A2569CEA600EADCAE /* Post.swift in Sources */ = {isa = PBXBuildFile; fileRef = 07F301592569CEA600EADCAE /* Post.swift */; };
		07F3015D2569D10700EADCAE /* UserProfilePhotoCell.swift in Sources */ = {isa = PBXBuildFile; fileRef = 07F3015C2569D10700EADCAE /* UserProfilePhotoCell.swift */; };
		07F301602569D5AB00EADCAE /* User.swift in Sources */ = {isa = PBXBuildFile; fileRef = 07F3015F2569D5AB00EADCAE /* User.swift */; };
		07F30163256A9EC800EADCAE /* CustomImageView.swift in Sources */ = {isa = PBXBuildFile; fileRef = 07F30162256A9EC800EADCAE /* CustomImageView.swift */; };
/* End PBXBuildFile section */

/* Begin PBXFileReference section */
		073AFDC1251D28670095EEFE /* MainTabBarController.swift */ = {isa = PBXFileReference; lastKnownFileType = sourcecode.swift; path = MainTabBarController.swift; sourceTree = "<group>"; };
		07587C91250EA95C003EF279 /* Extensions.swift */ = {isa = PBXFileReference; lastKnownFileType = sourcecode.swift; path = Extensions.swift; sourceTree = "<group>"; };
		079C1F01250FC4D0003DFAAC /* GoogleService-Info.plist */ = {isa = PBXFileReference; fileEncoding = 4; lastKnownFileType = text.plist.xml; path = "GoogleService-Info.plist"; sourceTree = "<group>"; };
		07C4FE35250C1361007088CC /* InstagramFirebase.app */ = {isa = PBXFileReference; explicitFileType = wrapper.application; includeInIndex = 0; path = InstagramFirebase.app; sourceTree = BUILT_PRODUCTS_DIR; };
		07C4FE38250C1361007088CC /* AppDelegate.swift */ = {isa = PBXFileReference; lastKnownFileType = sourcecode.swift; path = AppDelegate.swift; sourceTree = "<group>"; };
		07C4FE3A250C1361007088CC /* SceneDelegate.swift */ = {isa = PBXFileReference; lastKnownFileType = sourcecode.swift; path = SceneDelegate.swift; sourceTree = "<group>"; };
		07C4FE3C250C1361007088CC /* SighUpController.swift */ = {isa = PBXFileReference; lastKnownFileType = sourcecode.swift; path = SighUpController.swift; sourceTree = "<group>"; };
		07C4FE3F250C1361007088CC /* Base */ = {isa = PBXFileReference; lastKnownFileType = file.storyboard; name = Base; path = Base.lproj/Main.storyboard; sourceTree = "<group>"; };
		07C4FE41250C1362007088CC /* Assets.xcassets */ = {isa = PBXFileReference; lastKnownFileType = folder.assetcatalog; path = Assets.xcassets; sourceTree = "<group>"; };
		07C4FE44250C1362007088CC /* Base */ = {isa = PBXFileReference; lastKnownFileType = file.storyboard; name = Base; path = Base.lproj/LaunchScreen.storyboard; sourceTree = "<group>"; };
		07C4FE46250C1362007088CC /* Info.plist */ = {isa = PBXFileReference; lastKnownFileType = text.plist.xml; path = Info.plist; sourceTree = "<group>"; };
		07C5A2092562DF71009E7D75 /* LoginController.swift */ = {isa = PBXFileReference; lastKnownFileType = sourcecode.swift; path = LoginController.swift; sourceTree = "<group>"; };
		07D8C0D42529D6C000CBDB9E /* UserProfileController.swift */ = {isa = PBXFileReference; lastKnownFileType = sourcecode.swift; path = UserProfileController.swift; sourceTree = "<group>"; };
		07D8C0D9252A0E6F00CBDB9E /* UserProfileHeader.swift */ = {isa = PBXFileReference; lastKnownFileType = sourcecode.swift; path = UserProfileHeader.swift; sourceTree = "<group>"; };
		07F301462568682300EADCAE /* PhotoSelectorController.swift */ = {isa = PBXFileReference; lastKnownFileType = sourcecode.swift; path = PhotoSelectorController.swift; sourceTree = "<group>"; };
		07F3014A2568821000EADCAE /* PhotoSelectorCell.swift */ = {isa = PBXFileReference; lastKnownFileType = sourcecode.swift; path = PhotoSelectorCell.swift; sourceTree = "<group>"; };
		07F3014D25690BF700EADCAE /* PhotoSelectorHeader.swift */ = {isa = PBXFileReference; lastKnownFileType = sourcecode.swift; path = PhotoSelectorHeader.swift; sourceTree = "<group>"; };
		07F3015025695A2000EADCAE /* SharePhotoController.swift */ = {isa = PBXFileReference; lastKnownFileType = sourcecode.swift; path = SharePhotoController.swift; sourceTree = "<group>"; };
		07F301592569CEA600EADCAE /* Post.swift */ = {isa = PBXFileReference; lastKnownFileType = sourcecode.swift; path = Post.swift; sourceTree = "<group>"; };
		07F3015C2569D10700EADCAE /* UserProfilePhotoCell.swift */ = {isa = PBXFileReference; lastKnownFileType = sourcecode.swift; path = UserProfilePhotoCell.swift; sourceTree = "<group>"; };
		07F3015F2569D5AB00EADCAE /* User.swift */ = {isa = PBXFileReference; lastKnownFileType = sourcecode.swift; path = User.swift; sourceTree = "<group>"; };
		07F30162256A9EC800EADCAE /* CustomImageView.swift */ = {isa = PBXFileReference; lastKnownFileType = sourcecode.swift; path = CustomImageView.swift; sourceTree = "<group>"; };
		D61FB3E28F8BFE9AD429CE34 /* Pods_InstagramFirebase.framework */ = {isa = PBXFileReference; explicitFileType = wrapper.framework; includeInIndex = 0; path = Pods_InstagramFirebase.framework; sourceTree = BUILT_PRODUCTS_DIR; };
		DD173E878BBE16B76F6AD7FD /* Pods-InstagramFirebase.release.xcconfig */ = {isa = PBXFileReference; includeInIndex = 1; lastKnownFileType = text.xcconfig; name = "Pods-InstagramFirebase.release.xcconfig"; path = "Target Support Files/Pods-InstagramFirebase/Pods-InstagramFirebase.release.xcconfig"; sourceTree = "<group>"; };
		E35C4D076D75470409434895 /* Pods-InstagramFirebase.debug.xcconfig */ = {isa = PBXFileReference; includeInIndex = 1; lastKnownFileType = text.xcconfig; name = "Pods-InstagramFirebase.debug.xcconfig"; path = "Target Support Files/Pods-InstagramFirebase/Pods-InstagramFirebase.debug.xcconfig"; sourceTree = "<group>"; };
/* End PBXFileReference section */

/* Begin PBXFrameworksBuildPhase section */
		07C4FE32250C1361007088CC /* Frameworks */ = {
			isa = PBXFrameworksBuildPhase;
			buildActionMask = 2147483647;
			files = (
				048D42011A104CAFEE9589B2 /* Pods_InstagramFirebase.framework in Frameworks */,
			);
			runOnlyForDeploymentPostprocessing = 0;
		};
/* End PBXFrameworksBuildPhase section */

/* Begin PBXGroup section */
		07587C90250EA935003EF279 /* Utils */ = {
			isa = PBXGroup;
			children = (
				07587C91250EA95C003EF279 /* Extensions.swift */,
				07F30162256A9EC800EADCAE /* CustomImageView.swift */,
			);
			path = Utils;
			sourceTree = "<group>";
		};
		07C4FE2C250C1361007088CC = {
			isa = PBXGroup;
			children = (
				07C4FE37250C1361007088CC /* InstagramFirebase */,
				07C4FE36250C1361007088CC /* Products */,
				A98F94C141EF980EE15E6F8D /* Pods */,
				8EDF38592EC7E744D9123A1A /* Frameworks */,
			);
			sourceTree = "<group>";
		};
		07C4FE36250C1361007088CC /* Products */ = {
			isa = PBXGroup;
			children = (
				07C4FE35250C1361007088CC /* InstagramFirebase.app */,
			);
			name = Products;
			sourceTree = "<group>";
		};
		07C4FE37250C1361007088CC /* InstagramFirebase */ = {
			isa = PBXGroup;
			children = (
				07F301582569CE8B00EADCAE /* Models */,
				07F301452568680300EADCAE /* AddPhoto */,
				07C5A2082562DF2F009E7D75 /* Login */,
				07D8C0D8252A0E3300CBDB9E /* UserProfile */,
				07587C90250EA935003EF279 /* Utils */,
				07C4FE38250C1361007088CC /* AppDelegate.swift */,
				073AFDC1251D28670095EEFE /* MainTabBarController.swift */,
				07C4FE3A250C1361007088CC /* SceneDelegate.swift */,
				07C4FE3E250C1361007088CC /* Main.storyboard */,
				07C4FE41250C1362007088CC /* Assets.xcassets */,
				07C4FE43250C1362007088CC /* LaunchScreen.storyboard */,
				07C4FE46250C1362007088CC /* Info.plist */,
				079C1F01250FC4D0003DFAAC /* GoogleService-Info.plist */,
			);
			path = InstagramFirebase;
			sourceTree = "<group>";
		};
		07C5A2082562DF2F009E7D75 /* Login */ = {
			isa = PBXGroup;
			children = (
				07C5A2092562DF71009E7D75 /* LoginController.swift */,
				07C4FE3C250C1361007088CC /* SighUpController.swift */,
			);
			path = Login;
			sourceTree = "<group>";
		};
		07D8C0D8252A0E3300CBDB9E /* UserProfile */ = {
			isa = PBXGroup;
			children = (
				07D8C0D42529D6C000CBDB9E /* UserProfileController.swift */,
				07D8C0D9252A0E6F00CBDB9E /* UserProfileHeader.swift */,
				07F3015C2569D10700EADCAE /* UserProfilePhotoCell.swift */,
			);
			path = UserProfile;
			sourceTree = "<group>";
		};
		07F301452568680300EADCAE /* AddPhoto */ = {
			isa = PBXGroup;
			children = (
				07F30153256974A600EADCAE /* CollectionViewControllers */,
				07F30156256974F800EADCAE /* CollectionViewCells */,
			);
			path = AddPhoto;
			sourceTree = "<group>";
		};
		07F30153256974A600EADCAE /* CollectionViewControllers */ = {
			isa = PBXGroup;
			children = (
				07F301462568682300EADCAE /* PhotoSelectorController.swift */,
				07F3015025695A2000EADCAE /* SharePhotoController.swift */,
			);
			path = CollectionViewControllers;
			sourceTree = "<group>";
		};
		07F30156256974F800EADCAE /* CollectionViewCells */ = {
			isa = PBXGroup;
			children = (
				07F3014D25690BF700EADCAE /* PhotoSelectorHeader.swift */,
				07F3014A2568821000EADCAE /* PhotoSelectorCell.swift */,
			);
			path = CollectionViewCells;
			sourceTree = "<group>";
		};
		07F301582569CE8B00EADCAE /* Models */ = {
			isa = PBXGroup;
			children = (
				07F301592569CEA600EADCAE /* Post.swift */,
				07F3015F2569D5AB00EADCAE /* User.swift */,
			);
			path = Models;
			sourceTree = "<group>";
		};
		8EDF38592EC7E744D9123A1A /* Frameworks */ = {
			isa = PBXGroup;
			children = (
				D61FB3E28F8BFE9AD429CE34 /* Pods_InstagramFirebase.framework */,
			);
			name = Frameworks;
			sourceTree = "<group>";
		};
		A98F94C141EF980EE15E6F8D /* Pods */ = {
			isa = PBXGroup;
			children = (
				E35C4D076D75470409434895 /* Pods-InstagramFirebase.debug.xcconfig */,
				DD173E878BBE16B76F6AD7FD /* Pods-InstagramFirebase.release.xcconfig */,
			);
			path = Pods;
			sourceTree = "<group>";
		};
/* End PBXGroup section */

/* Begin PBXNativeTarget section */
		07C4FE34250C1361007088CC /* InstagramFirebase */ = {
			isa = PBXNativeTarget;
			buildConfigurationList = 07C4FE49250C1362007088CC /* Build configuration list for PBXNativeTarget "InstagramFirebase" */;
			buildPhases = (
				A52260F965CA377B6C1220B2 /* [CP] Check Pods Manifest.lock */,
				07C4FE31250C1361007088CC /* Sources */,
				07C4FE32250C1361007088CC /* Frameworks */,
				07C4FE33250C1361007088CC /* Resources */,
				D058C6908B1DBA92468C9E0B /* [CP] Embed Pods Frameworks */,
			);
			buildRules = (
			);
			dependencies = (
			);
			name = InstagramFirebase;
			productName = Dilkagram;
			productReference = 07C4FE35250C1361007088CC /* InstagramFirebase.app */;
			productType = "com.apple.product-type.application";
		};
/* End PBXNativeTarget section */

/* Begin PBXProject section */
		07C4FE2D250C1361007088CC /* Project object */ = {
			isa = PBXProject;
			attributes = {
				LastSwiftUpdateCheck = 1130;
				LastUpgradeCheck = 1130;
				ORGANIZATIONNAME = "Grigoriy Alekseev";
				TargetAttributes = {
					07C4FE34250C1361007088CC = {
						CreatedOnToolsVersion = 11.3.1;
					};
				};
			};
			buildConfigurationList = 07C4FE30250C1361007088CC /* Build configuration list for PBXProject "InstagramFirebase" */;
			compatibilityVersion = "Xcode 9.3";
			developmentRegion = en;
			hasScannedForEncodings = 0;
			knownRegions = (
				en,
				Base,
			);
			mainGroup = 07C4FE2C250C1361007088CC;
			productRefGroup = 07C4FE36250C1361007088CC /* Products */;
			projectDirPath = "";
			projectRoot = "";
			targets = (
				07C4FE34250C1361007088CC /* InstagramFirebase */,
			);
		};
/* End PBXProject section */

/* Begin PBXResourcesBuildPhase section */
		07C4FE33250C1361007088CC /* Resources */ = {
			isa = PBXResourcesBuildPhase;
			buildActionMask = 2147483647;
			files = (
				07C4FE45250C1362007088CC /* LaunchScreen.storyboard in Resources */,
				079C1F02250FC4D0003DFAAC /* GoogleService-Info.plist in Resources */,
				07C4FE42250C1362007088CC /* Assets.xcassets in Resources */,
				07C4FE40250C1361007088CC /* Main.storyboard in Resources */,
			);
			runOnlyForDeploymentPostprocessing = 0;
		};
/* End PBXResourcesBuildPhase section */

/* Begin PBXShellScriptBuildPhase section */
		A52260F965CA377B6C1220B2 /* [CP] Check Pods Manifest.lock */ = {
			isa = PBXShellScriptBuildPhase;
			buildActionMask = 2147483647;
			files = (
			);
			inputFileListPaths = (
			);
			inputPaths = (
				"${PODS_PODFILE_DIR_PATH}/Podfile.lock",
				"${PODS_ROOT}/Manifest.lock",
			);
			name = "[CP] Check Pods Manifest.lock";
			outputFileListPaths = (
			);
			outputPaths = (
				"$(DERIVED_FILE_DIR)/Pods-InstagramFirebase-checkManifestLockResult.txt",
			);
			runOnlyForDeploymentPostprocessing = 0;
			shellPath = /bin/sh;
			shellScript = "diff \"${PODS_PODFILE_DIR_PATH}/Podfile.lock\" \"${PODS_ROOT}/Manifest.lock\" > /dev/null\nif [ $? != 0 ] ; then\n    # print error to STDERR\n    echo \"error: The sandbox is not in sync with the Podfile.lock. Run 'pod install' or update your CocoaPods installation.\" >&2\n    exit 1\nfi\n# This output is used by Xcode 'outputs' to avoid re-running this script phase.\necho \"SUCCESS\" > \"${SCRIPT_OUTPUT_FILE_0}\"\n";
			showEnvVarsInLog = 0;
		};
		D058C6908B1DBA92468C9E0B /* [CP] Embed Pods Frameworks */ = {
			isa = PBXShellScriptBuildPhase;
			buildActionMask = 2147483647;
			files = (
			);
			inputFileListPaths = (
				"${PODS_ROOT}/Target Support Files/Pods-InstagramFirebase/Pods-InstagramFirebase-frameworks-${CONFIGURATION}-input-files.xcfilelist",
			);
			name = "[CP] Embed Pods Frameworks";
			outputFileListPaths = (
				"${PODS_ROOT}/Target Support Files/Pods-InstagramFirebase/Pods-InstagramFirebase-frameworks-${CONFIGURATION}-output-files.xcfilelist",
			);
			runOnlyForDeploymentPostprocessing = 0;
			shellPath = /bin/sh;
			shellScript = "\"${PODS_ROOT}/Target Support Files/Pods-InstagramFirebase/Pods-InstagramFirebase-frameworks.sh\"\n";
			showEnvVarsInLog = 0;
		};
/* End PBXShellScriptBuildPhase section */

/* Begin PBXSourcesBuildPhase section */
		07C4FE31250C1361007088CC /* Sources */ = {
			isa = PBXSourcesBuildPhase;
			buildActionMask = 2147483647;
			files = (
				07C4FE3D250C1361007088CC /* SighUpController.swift in Sources */,
				07D8C0DA252A0E6F00CBDB9E /* UserProfileHeader.swift in Sources */,
				07C4FE39250C1361007088CC /* AppDelegate.swift in Sources */,
				07F301472568682300EADCAE /* PhotoSelectorController.swift in Sources */,
				07F3015A2569CEA600EADCAE /* Post.swift in Sources */,
				07D8C0D52529D6C000CBDB9E /* UserProfileController.swift in Sources */,
				073AFDC2251D28670095EEFE /* MainTabBarController.swift in Sources */,
				07F3015125695A2000EADCAE /* SharePhotoController.swift in Sources */,
				07F301602569D5AB00EADCAE /* User.swift in Sources */,
				07F30163256A9EC800EADCAE /* CustomImageView.swift in Sources */,
				07F3014E25690BF700EADCAE /* PhotoSelectorHeader.swift in Sources */,
				07C5A20A2562DF71009E7D75 /* LoginController.swift in Sources */,
				07C4FE3B250C1361007088CC /* SceneDelegate.swift in Sources */,
				07F3015D2569D10700EADCAE /* UserProfilePhotoCell.swift in Sources */,
				07587C92250EA95C003EF279 /* Extensions.swift in Sources */,
				07F3014B2568821000EADCAE /* PhotoSelectorCell.swift in Sources */,
			);
			runOnlyForDeploymentPostprocessing = 0;
		};
/* End PBXSourcesBuildPhase section */

/* Begin PBXVariantGroup section */
		07C4FE3E250C1361007088CC /* Main.storyboard */ = {
			isa = PBXVariantGroup;
			children = (
				07C4FE3F250C1361007088CC /* Base */,
			);
			name = Main.storyboard;
			sourceTree = "<group>";
		};
		07C4FE43250C1362007088CC /* LaunchScreen.storyboard */ = {
			isa = PBXVariantGroup;
			children = (
				07C4FE44250C1362007088CC /* Base */,
			);
			name = LaunchScreen.storyboard;
			sourceTree = "<group>";
		};
/* End PBXVariantGroup section */

/* Begin XCBuildConfiguration section */
		07C4FE47250C1362007088CC /* Debug */ = {
			isa = XCBuildConfiguration;
			buildSettings = {
				ALWAYS_SEARCH_USER_PATHS = NO;
				CLANG_ANALYZER_NONNULL = YES;
				CLANG_ANALYZER_NUMBER_OBJECT_CONVERSION = YES_AGGRESSIVE;
				CLANG_CXX_LANGUAGE_STANDARD = "gnu++14";
				CLANG_CXX_LIBRARY = "libc++";
				CLANG_ENABLE_MODULES = YES;
				CLANG_ENABLE_OBJC_ARC = YES;
				CLANG_ENABLE_OBJC_WEAK = YES;
				CLANG_WARN_BLOCK_CAPTURE_AUTORELEASING = YES;
				CLANG_WARN_BOOL_CONVERSION = YES;
				CLANG_WARN_COMMA = YES;
				CLANG_WARN_CONSTANT_CONVERSION = YES;
				CLANG_WARN_DEPRECATED_OBJC_IMPLEMENTATIONS = YES;
				CLANG_WARN_DIRECT_OBJC_ISA_USAGE = YES_ERROR;
				CLANG_WARN_DOCUMENTATION_COMMENTS = YES;
				CLANG_WARN_EMPTY_BODY = YES;
				CLANG_WARN_ENUM_CONVERSION = YES;
				CLANG_WARN_INFINITE_RECURSION = YES;
				CLANG_WARN_INT_CONVERSION = YES;
				CLANG_WARN_NON_LITERAL_NULL_CONVERSION = YES;
				CLANG_WARN_OBJC_IMPLICIT_RETAIN_SELF = YES;
				CLANG_WARN_OBJC_LITERAL_CONVERSION = YES;
				CLANG_WARN_OBJC_ROOT_CLASS = YES_ERROR;
				CLANG_WARN_RANGE_LOOP_ANALYSIS = YES;
				CLANG_WARN_STRICT_PROTOTYPES = YES;
				CLANG_WARN_SUSPICIOUS_MOVE = YES;
				CLANG_WARN_UNGUARDED_AVAILABILITY = YES_AGGRESSIVE;
				CLANG_WARN_UNREACHABLE_CODE = YES;
				CLANG_WARN__DUPLICATE_METHOD_MATCH = YES;
				COPY_PHASE_STRIP = NO;
				DEBUG_INFORMATION_FORMAT = dwarf;
				ENABLE_STRICT_OBJC_MSGSEND = YES;
				ENABLE_TESTABILITY = YES;
				GCC_C_LANGUAGE_STANDARD = gnu11;
				GCC_DYNAMIC_NO_PIC = NO;
				GCC_NO_COMMON_BLOCKS = YES;
				GCC_OPTIMIZATION_LEVEL = 0;
				GCC_PREPROCESSOR_DEFINITIONS = (
					"DEBUG=1",
					"$(inherited)",
				);
				GCC_WARN_64_TO_32_BIT_CONVERSION = YES;
				GCC_WARN_ABOUT_RETURN_TYPE = YES_ERROR;
				GCC_WARN_UNDECLARED_SELECTOR = YES;
				GCC_WARN_UNINITIALIZED_AUTOS = YES_AGGRESSIVE;
				GCC_WARN_UNUSED_FUNCTION = YES;
				GCC_WARN_UNUSED_VARIABLE = YES;
				IPHONEOS_DEPLOYMENT_TARGET = 13.2;
				MTL_ENABLE_DEBUG_INFO = INCLUDE_SOURCE;
				MTL_FAST_MATH = YES;
				ONLY_ACTIVE_ARCH = YES;
				PRODUCT_NAME = InstagramFirebase;
				SDKROOT = iphoneos;
				SWIFT_ACTIVE_COMPILATION_CONDITIONS = DEBUG;
				SWIFT_OPTIMIZATION_LEVEL = "-Onone";
			};
			name = Debug;
		};
		07C4FE48250C1362007088CC /* Release */ = {
			isa = XCBuildConfiguration;
			buildSettings = {
				ALWAYS_SEARCH_USER_PATHS = NO;
				CLANG_ANALYZER_NONNULL = YES;
				CLANG_ANALYZER_NUMBER_OBJECT_CONVERSION = YES_AGGRESSIVE;
				CLANG_CXX_LANGUAGE_STANDARD = "gnu++14";
				CLANG_CXX_LIBRARY = "libc++";
				CLANG_ENABLE_MODULES = YES;
				CLANG_ENABLE_OBJC_ARC = YES;
				CLANG_ENABLE_OBJC_WEAK = YES;
				CLANG_WARN_BLOCK_CAPTURE_AUTORELEASING = YES;
				CLANG_WARN_BOOL_CONVERSION = YES;
				CLANG_WARN_COMMA = YES;
				CLANG_WARN_CONSTANT_CONVERSION = YES;
				CLANG_WARN_DEPRECATED_OBJC_IMPLEMENTATIONS = YES;
				CLANG_WARN_DIRECT_OBJC_ISA_USAGE = YES_ERROR;
				CLANG_WARN_DOCUMENTATION_COMMENTS = YES;
				CLANG_WARN_EMPTY_BODY = YES;
				CLANG_WARN_ENUM_CONVERSION = YES;
				CLANG_WARN_INFINITE_RECURSION = YES;
				CLANG_WARN_INT_CONVERSION = YES;
				CLANG_WARN_NON_LITERAL_NULL_CONVERSION = YES;
				CLANG_WARN_OBJC_IMPLICIT_RETAIN_SELF = YES;
				CLANG_WARN_OBJC_LITERAL_CONVERSION = YES;
				CLANG_WARN_OBJC_ROOT_CLASS = YES_ERROR;
				CLANG_WARN_RANGE_LOOP_ANALYSIS = YES;
				CLANG_WARN_STRICT_PROTOTYPES = YES;
				CLANG_WARN_SUSPICIOUS_MOVE = YES;
				CLANG_WARN_UNGUARDED_AVAILABILITY = YES_AGGRESSIVE;
				CLANG_WARN_UNREACHABLE_CODE = YES;
				CLANG_WARN__DUPLICATE_METHOD_MATCH = YES;
				COPY_PHASE_STRIP = NO;
				DEBUG_INFORMATION_FORMAT = "dwarf-with-dsym";
				ENABLE_NS_ASSERTIONS = NO;
				ENABLE_STRICT_OBJC_MSGSEND = YES;
				GCC_C_LANGUAGE_STANDARD = gnu11;
				GCC_NO_COMMON_BLOCKS = YES;
				GCC_WARN_64_TO_32_BIT_CONVERSION = YES;
				GCC_WARN_ABOUT_RETURN_TYPE = YES_ERROR;
				GCC_WARN_UNDECLARED_SELECTOR = YES;
				GCC_WARN_UNINITIALIZED_AUTOS = YES_AGGRESSIVE;
				GCC_WARN_UNUSED_FUNCTION = YES;
				GCC_WARN_UNUSED_VARIABLE = YES;
				IPHONEOS_DEPLOYMENT_TARGET = 13.2;
				MTL_ENABLE_DEBUG_INFO = NO;
				MTL_FAST_MATH = YES;
				PRODUCT_NAME = InstagramFirebase;
				SDKROOT = iphoneos;
				SWIFT_COMPILATION_MODE = wholemodule;
				SWIFT_OPTIMIZATION_LEVEL = "-O";
				VALIDATE_PRODUCT = YES;
			};
			name = Release;
		};
		07C4FE4A250C1362007088CC /* Debug */ = {
			isa = XCBuildConfiguration;
			baseConfigurationReference = E35C4D076D75470409434895 /* Pods-InstagramFirebase.debug.xcconfig */;
			buildSettings = {
				ASSETCATALOG_COMPILER_APPICON_NAME = AppIcon;
				CODE_SIGN_STYLE = Automatic;
				DEVELOPMENT_TEAM = D42Z92Z3N4;
				INFOPLIST_FILE = InstagramFirebase/Info.plist;
				LD_RUNPATH_SEARCH_PATHS = (
					"$(inherited)",
					"@executable_path/Frameworks",
				);
				PRODUCT_BUNDLE_IDENTIFIER = ru.alekseev.ios.InstagramFirebase;
				PRODUCT_NAME = "$(TARGET_NAME)";
				SWIFT_VERSION = 5.0;
				TARGETED_DEVICE_FAMILY = 1;
			};
			name = Debug;
		};
		07C4FE4B250C1362007088CC /* Release */ = {
			isa = XCBuildConfiguration;
			baseConfigurationReference = DD173E878BBE16B76F6AD7FD /* Pods-InstagramFirebase.release.xcconfig */;
			buildSettings = {
				ASSETCATALOG_COMPILER_APPICON_NAME = AppIcon;
				CODE_SIGN_STYLE = Automatic;
				DEVELOPMENT_TEAM = D42Z92Z3N4;
				INFOPLIST_FILE = InstagramFirebase/Info.plist;
				LD_RUNPATH_SEARCH_PATHS = (
					"$(inherited)",
					"@executable_path/Frameworks",
				);
				PRODUCT_BUNDLE_IDENTIFIER = ru.alekseev.ios.InstagramFirebase;
				PRODUCT_NAME = "$(TARGET_NAME)";
				SWIFT_VERSION = 5.0;
				TARGETED_DEVICE_FAMILY = 1;
			};
			name = Release;
		};
/* End XCBuildConfiguration section */

/* Begin XCConfigurationList section */
		07C4FE30250C1361007088CC /* Build configuration list for PBXProject "InstagramFirebase" */ = {
			isa = XCConfigurationList;
			buildConfigurations = (
				07C4FE47250C1362007088CC /* Debug */,
				07C4FE48250C1362007088CC /* Release */,
			);
			defaultConfigurationIsVisible = 0;
			defaultConfigurationName = Release;
		};
		07C4FE49250C1362007088CC /* Build configuration list for PBXNativeTarget "InstagramFirebase" */ = {
			isa = XCConfigurationList;
			buildConfigurations = (
				07C4FE4A250C1362007088CC /* Debug */,
				07C4FE4B250C1362007088CC /* Release */,
			);
			defaultConfigurationIsVisible = 0;
			defaultConfigurationName = Release;
		};
/* End XCConfigurationList section */
	};
	rootObject = 07C4FE2D250C1361007088CC /* Project object */;
}
